
Microsoft Visual Studio Solution File, Format Version 12.00
# Visual Studio Version 16
Project("{8BC9CEB8-8B4A-11D0-8D11-00A0C91BC942}") = "ALL_BUILD", "ALL_BUILD.vcxproj", "{2D2FEE01-0780-3585-AE3B-8C4EA5AB3CDB}"
	ProjectSection(ProjectDependencies) = postProject
		{6FD966AF-E874-3E4C-B3BA-B9076D0BDD66} = {6FD966AF-E874-3E4C-B3BA-B9076D0BDD66}
		{6AD110FF-4560-3171-B755-E93A12EC50D5} = {6AD110FF-4560-3171-B755-E93A12EC50D5}
	EndProjectSection
EndProject
Project("{8BC9CEB8-8B4A-11D0-8D11-00A0C91BC942}") = "TinyRenderer", "TinyRenderer.vcxproj", "{6FD966AF-E874-3E4C-B3BA-B9076D0BDD66}"
	ProjectSection(ProjectDependencies) = postProject
		{6AD110FF-4560-3171-B755-E93A12EC50D5} = {6AD110FF-4560-3171-B755-E93A12EC50D5}
	EndProjectSection
EndProject
Project("{8BC9CEB8-8B4A-11D0-8D11-00A0C91BC942}") = "ZERO_CHECK", "ZERO_CHECK.vcxproj", "{6AD110FF-4560-3171-B755-E93A12EC50D5}"
	ProjectSection(ProjectDependencies) = postProject
	EndProjectSection
EndProject
Global
	GlobalSection(SolutionConfigurationPlatforms) = preSolution
		Debug|x64 = Debug|x64
		Release|x64 = Release|x64
		MinSizeRel|x64 = MinSizeRel|x64
		RelWithDebInfo|x64 = RelWithDebInfo|x64
	EndGlobalSection
	GlobalSection(ProjectConfigurationPlatforms) = postSolution
		{2D2FEE01-0780-3585-AE3B-8C4EA5AB3CDB}.Debug|x64.ActiveCfg = Debug|x64
		{2D2FEE01-0780-3585-AE3B-8C4EA5AB3CDB}.Release|x64.ActiveCfg = Release|x64
		{2D2FEE01-0780-3585-AE3B-8C4EA5AB3CDB}.MinSizeRel|x64.ActiveCfg = MinSizeRel|x64
		{2D2FEE01-0780-3585-AE3B-8C4EA5AB3CDB}.RelWithDebInfo|x64.ActiveCfg = RelWithDebInfo|x64
		{6FD966AF-E874-3E4C-B3BA-B9076D0BDD66}.Debug|x64.ActiveCfg = Debug|x64
		{6FD966AF-E874-3E4C-B3BA-B9076D0BDD66}.Debug|x64.Build.0 = Debug|x64
		{6FD966AF-E874-3E4C-B3BA-B9076D0BDD66}.Release|x64.ActiveCfg = Release|x64
		{6FD966AF-E874-3E4C-B3BA-B9076D0BDD66}.Release|x64.Build.0 = Release|x64
		{6FD966AF-E874-3E4C-B3BA-B9076D0BDD66}.MinSizeRel|x64.ActiveCfg = MinSizeRel|x64
		{6FD966AF-E874-3E4C-B3BA-B9076D0BDD66}.MinSizeRel|x64.Build.0 = MinSizeRel|x64
		{6FD966AF-E874-3E4C-B3BA-B9076D0BDD66}.RelWithDebInfo|x64.ActiveCfg = RelWithDebInfo|x64
		{6FD966AF-E874-3E4C-B3BA-B9076D0BDD66}.RelWithDebInfo|x64.Build.0 = RelWithDebInfo|x64
		{6AD110FF-4560-3171-B755-E93A12EC50D5}.Debug|x64.ActiveCfg = Debug|x64
		{6AD110FF-4560-3171-B755-E93A12EC50D5}.Debug|x64.Build.0 = Debug|x64
		{6AD110FF-4560-3171-B755-E93A12EC50D5}.Release|x64.ActiveCfg = Release|x64
		{6AD110FF-4560-3171-B755-E93A12EC50D5}.Release|x64.Build.0 = Release|x64
		{6AD110FF-4560-3171-B755-E93A12EC50D5}.MinSizeRel|x64.ActiveCfg = MinSizeRel|x64
		{6AD110FF-4560-3171-B755-E93A12EC50D5}.MinSizeRel|x64.Build.0 = MinSizeRel|x64
		{6AD110FF-4560-3171-B755-E93A12EC50D5}.RelWithDebInfo|x64.ActiveCfg = RelWithDebInfo|x64
		{6AD110FF-4560-3171-B755-E93A12EC50D5}.RelWithDebInfo|x64.Build.0 = RelWithDebInfo|x64
	EndGlobalSection
	GlobalSection(ExtensibilityGlobals) = postSolution
		SolutionGuid = {150CF32C-55E1-3CF5-87A6-3BAB058A9BBF}
	EndGlobalSection
	GlobalSection(ExtensibilityAddIns) = postSolution
	EndGlobalSection
EndGlobal
