<?xml version="1.0" encoding="utf-8"?>
<Project ToolsVersion="16.0" xmlns="http://schemas.microsoft.com/developer/msbuild/2003">
  <ItemGroup>
    <ClCompile Include="D:\Development\C++\MyTinyRenderer\src\render\lib.cpp">
      <Filter>Source Files</Filter>
    </ClCompile>
    <ClCompile Include="D:\Development\C++\MyTinyRenderer\src\render\geometry.cpp">
      <Filter>Source Files</Filter>
    </ClCompile>
    <ClCompile Include="D:\Development\C++\MyTinyRenderer\src\render\buffer.cpp">
      <Filter>Source Files</Filter>
    </ClCompile>
    <ClCompile Include="D:\Development\C++\MyTinyRenderer\src\render\model.cpp">
      <Filter>Source Files</Filter>
    </ClCompile>
    <ClCompile Include="D:\Development\C++\MyTinyRenderer\src\render\render.cpp">
      <Filter>Source Files</Filter>
    </ClCompile>
  </ItemGroup>
  <ItemGroup>
    <ClInclude Include="D:\Development\C++\MyTinyRenderer\src\render\lib.h">
      <Filter>Header Files</Filter>
    </ClInclude>
    <ClInclude Include="D:\Development\C++\MyTinyRenderer\src\render\face.h">
      <Filter>Header Files</Filter>
    </ClInclude>
    <ClInclude Include="D:\Development\C++\MyTinyRenderer\src\render\color.h">
      <Filter>Header Files</Filter>
    </ClInclude>
    <ClInclude Include="D:\Development\C++\MyTinyRenderer\src\render\geometry.h">
      <Filter>Header Files</Filter>
    </ClInclude>
    <ClInclude Include="D:\Development\C++\MyTinyRenderer\src\render\buffer.h">
      <Filter>Header Files</Filter>
    </ClInclude>
    <ClInclude Include="D:\Development\C++\MyTinyRenderer\src\render\model.h">
      <Filter>Header Files</Filter>
    </ClInclude>
    <ClInclude Include="D:\Development\C++\MyTinyRenderer\src\render\render.h">
      <Filter>Header Files</Filter>
    </ClInclude>
  </ItemGroup>
  <ItemGroup>
    <CustomBuild Include="D:\Development\C++\MyTinyRenderer\src\render\CMakeLists.txt" />
  </ItemGroup>
  <ItemGroup>
    <Filter Include="Header Files">
      <UniqueIdentifier>{D6A49CDD-0E9C-3B9C-B967-7F7DCA73BF60}</UniqueIdentifier>
    </Filter>
    <Filter Include="Source Files">
      <UniqueIdentifier>{B7BCA186-22F8-30C9-93C7-7FEF5E3385AC}</UniqueIdentifier>
    </Filter>
  </ItemGroup>
</Project>
